
Microsoft Visual Studio Solution File, Format Version 12.00
# Visual Studio 2017
Project("{FAE04EC0-301F-11D3-BF4B-00C04F79EFBC}") = "TheExhibitionOfCar", "TheExhibitionOfCar.csproj", "{503B05F3-9166-216A-752F-D9E0AAC9BF80}"
EndProject
Project("{FAE04EC0-301F-11D3-BF4B-00C04F79EFBC}") = "TheExhibitionOfCar.Editor", "TheExhibitionOfCar.Editor.csproj", "{16F5AA4A-1F66-E429-AB4D-3DBFF5C83ED3}"
EndProject
Global
	GlobalSection(SolutionConfigurationPlatforms) = preSolution
		Debug|Any CPU = Debug|Any CPU
		Release|Any CPU = Release|Any CPU
	EndGlobalSection
	GlobalSection(ProjectConfigurationPlatforms) = postSolution
		{503B05F3-9166-216A-752F-D9E0AAC9BF80}.Debug|Any CPU.ActiveCfg = Debug|Any CPU
		{503B05F3-9166-216A-752F-D9E0AAC9BF80}.Debug|Any CPU.Build.0 = Debug|Any CPU
		{503B05F3-9166-216A-752F-D9E0AAC9BF80}.Release|Any CPU.ActiveCfg = Release|Any CPU
		{503B05F3-9166-216A-752F-D9E0AAC9BF80}.Release|Any CPU.Build.0 = Release|Any CPU
		{16F5AA4A-1F66-E429-AB4D-3DBFF5C83ED3}.Debug|Any CPU.ActiveCfg = Debug|Any CPU
		{16F5AA4A-1F66-E429-AB4D-3DBFF5C83ED3}.Debug|Any CPU.Build.0 = Debug|Any CPU
		{16F5AA4A-1F66-E429-AB4D-3DBFF5C83ED3}.Release|Any CPU.ActiveCfg = Release|Any CPU
		{16F5AA4A-1F66-E429-AB4D-3DBFF5C83ED3}.Release|Any CPU.Build.0 = Release|Any CPU
	EndGlobalSection
	GlobalSection(SolutionProperties) = preSolution
		HideSolutionNode = FALSE
	EndGlobalSection
EndGlobal
